// !$*UTF8*$!
{
	archiveVersion = 1;
	classes = {
	};
	objectVersion = 50;
	objects = {

/* Begin PBXBuildFile section */
		2150951925298F4D0009E87E /* SmartShopperTests.swift in Sources */ = {isa = PBXBuildFile; fileRef = 2150951825298F4D0009E87E /* SmartShopperTests.swift */; };
		2150952425298F7E0009E87E /* Income.swift in Sources */ = {isa = PBXBuildFile; fileRef = 2150952325298F7E0009E87E /* Income.swift */; };
		215095272529929F0009E87E /* Income.swift in Sources */ = {isa = PBXBuildFile; fileRef = 2150952325298F7E0009E87E /* Income.swift */; };
		218688EA251B250C00DC1BA7 /* AppDelegate.swift in Sources */ = {isa = PBXBuildFile; fileRef = 218688E9251B250C00DC1BA7 /* AppDelegate.swift */; };
		218688EC251B250C00DC1BA7 /* SceneDelegate.swift in Sources */ = {isa = PBXBuildFile; fileRef = 218688EB251B250C00DC1BA7 /* SceneDelegate.swift */; };
		218688EE251B250C00DC1BA7 /* MainViewController.swift in Sources */ = {isa = PBXBuildFile; fileRef = 218688ED251B250C00DC1BA7 /* MainViewController.swift */; };
		218688F1251B250C00DC1BA7 /* Main.storyboard in Resources */ = {isa = PBXBuildFile; fileRef = 218688EF251B250C00DC1BA7 /* Main.storyboard */; };
		218688F3251B250D00DC1BA7 /* Assets.xcassets in Resources */ = {isa = PBXBuildFile; fileRef = 218688F2251B250D00DC1BA7 /* Assets.xcassets */; };
		218688F6251B250D00DC1BA7 /* LaunchScreen.storyboard in Resources */ = {isa = PBXBuildFile; fileRef = 218688F4251B250D00DC1BA7 /* LaunchScreen.storyboard */; };
		21868900251B28F800DC1BA7 /* CurrencyTextField.swift in Sources */ = {isa = PBXBuildFile; fileRef = 218688FF251B28F800DC1BA7 /* CurrencyTextField.swift */; };
/* End PBXBuildFile section */

/* Begin PBXContainerItemProxy section */
		2150951B25298F4D0009E87E /* PBXContainerItemProxy */ = {
			isa = PBXContainerItemProxy;
			containerPortal = 218688DE251B250C00DC1BA7 /* Project object */;
			proxyType = 1;
			remoteGlobalIDString = 218688E5251B250C00DC1BA7;
			remoteInfo = SmartShopper;
		};
/* End PBXContainerItemProxy section */

/* Begin PBXFileReference section */
		2150951625298F4D0009E87E /* SmartShopperTests.xctest */ = {isa = PBXFileReference; explicitFileType = wrapper.cfbundle; includeInIndex = 0; path = SmartShopperTests.xctest; sourceTree = BUILT_PRODUCTS_DIR; };
		2150951825298F4D0009E87E /* SmartShopperTests.swift */ = {isa = PBXFileReference; lastKnownFileType = sourcecode.swift; path = SmartShopperTests.swift; sourceTree = "<group>"; };
		2150951A25298F4D0009E87E /* Info.plist */ = {isa = PBXFileReference; lastKnownFileType = text.plist.xml; path = Info.plist; sourceTree = "<group>"; };
		2150952325298F7E0009E87E /* Income.swift */ = {isa = PBXFileReference; lastKnownFileType = sourcecode.swift; path = Income.swift; sourceTree = "<group>"; };
		218688E6251B250C00DC1BA7 /* SmartShopper.app */ = {isa = PBXFileReference; explicitFileType = wrapper.application; includeInIndex = 0; path = SmartShopper.app; sourceTree = BUILT_PRODUCTS_DIR; };
		218688E9251B250C00DC1BA7 /* AppDelegate.swift */ = {isa = PBXFileReference; lastKnownFileType = sourcecode.swift; path = AppDelegate.swift; sourceTree = "<group>"; };
		218688EB251B250C00DC1BA7 /* SceneDelegate.swift */ = {isa = PBXFileReference; lastKnownFileType = sourcecode.swift; path = SceneDelegate.swift; sourceTree = "<group>"; };
		218688ED251B250C00DC1BA7 /* MainViewController.swift */ = {isa = PBXFileReference; lastKnownFileType = sourcecode.swift; path = MainViewController.swift; sourceTree = "<group>"; };
		218688F0251B250C00DC1BA7 /* Base */ = {isa = PBXFileReference; lastKnownFileType = file.storyboard; name = Base; path = Base.lproj/Main.storyboard; sourceTree = "<group>"; };
		218688F2251B250D00DC1BA7 /* Assets.xcassets */ = {isa = PBXFileReference; lastKnownFileType = folder.assetcatalog; path = Assets.xcassets; sourceTree = "<group>"; };
		218688F5251B250D00DC1BA7 /* Base */ = {isa = PBXFileReference; lastKnownFileType = file.storyboard; name = Base; path = Base.lproj/LaunchScreen.storyboard; sourceTree = "<group>"; };
		218688F7251B250D00DC1BA7 /* Info.plist */ = {isa = PBXFileReference; lastKnownFileType = text.plist.xml; path = Info.plist; sourceTree = "<group>"; };
		218688FF251B28F800DC1BA7 /* CurrencyTextField.swift */ = {isa = PBXFileReference; lastKnownFileType = sourcecode.swift; path = CurrencyTextField.swift; sourceTree = "<group>"; };
/* End PBXFileReference section */

/* Begin PBXFrameworksBuildPhase section */
		2150951325298F4D0009E87E /* Frameworks */ = {
			isa = PBXFrameworksBuildPhase;
			buildActionMask = 2147483647;
			files = (
			);
			runOnlyForDeploymentPostprocessing = 0;
		};
		218688E3251B250C00DC1BA7 /* Frameworks */ = {
			isa = PBXFrameworksBuildPhase;
			buildActionMask = 2147483647;
			files = (
			);
			runOnlyForDeploymentPostprocessing = 0;
		};
/* End PBXFrameworksBuildPhase section */

/* Begin PBXGroup section */
		2150951725298F4D0009E87E /* SmartShopperTests */ = {
			isa = PBXGroup;
			children = (
				2150951825298F4D0009E87E /* SmartShopperTests.swift */,
				2150951A25298F4D0009E87E /* Info.plist */,
			);
			path = SmartShopperTests;
			sourceTree = "<group>";
		};
		2150952225298F630009E87E /* Model */ = {
			isa = PBXGroup;
			children = (
				2150952325298F7E0009E87E /* Income.swift */,
			);
			path = Model;
			sourceTree = "<group>";
		};
		218688DD251B250C00DC1BA7 = {
			isa = PBXGroup;
			children = (
				218688E8251B250C00DC1BA7 /* SmartShopper */,
				2150951725298F4D0009E87E /* SmartShopperTests */,
				218688E7251B250C00DC1BA7 /* Products */,
			);
			sourceTree = "<group>";
		};
		218688E7251B250C00DC1BA7 /* Products */ = {
			isa = PBXGroup;
			children = (
				218688E6251B250C00DC1BA7 /* SmartShopper.app */,
				2150951625298F4D0009E87E /* SmartShopperTests.xctest */,
			);
			name = Products;
			sourceTree = "<group>";
		};
		218688E8251B250C00DC1BA7 /* SmartShopper */ = {
			isa = PBXGroup;
			children = (
				2150952225298F630009E87E /* Model */,
				218688FE251B28A300DC1BA7 /* Views */,
				218688FD251B268200DC1BA7 /* Controllers */,
				218688E9251B250C00DC1BA7 /* AppDelegate.swift */,
				218688EB251B250C00DC1BA7 /* SceneDelegate.swift */,
				218688EF251B250C00DC1BA7 /* Main.storyboard */,
				218688F2251B250D00DC1BA7 /* Assets.xcassets */,
				218688F4251B250D00DC1BA7 /* LaunchScreen.storyboard */,
				218688F7251B250D00DC1BA7 /* Info.plist */,
			);
			path = SmartShopper;
			sourceTree = "<group>";
		};
		218688FD251B268200DC1BA7 /* Controllers */ = {
			isa = PBXGroup;
			children = (
				218688ED251B250C00DC1BA7 /* MainViewController.swift */,
			);
			path = Controllers;
			sourceTree = "<group>";
		};
		218688FE251B28A300DC1BA7 /* Views */ = {
			isa = PBXGroup;
			children = (
				218688FF251B28F800DC1BA7 /* CurrencyTextField.swift */,
			);
			path = Views;
			sourceTree = "<group>";
		};
/* End PBXGroup section */

/* Begin PBXNativeTarget section */
		2150951525298F4D0009E87E /* SmartShopperTests */ = {
			isa = PBXNativeTarget;
			buildConfigurationList = 2150951F25298F4D0009E87E /* Build configuration list for PBXNativeTarget "SmartShopperTests" */;
			buildPhases = (
				2150951225298F4D0009E87E /* Sources */,
				2150951325298F4D0009E87E /* Frameworks */,
				2150951425298F4D0009E87E /* Resources */,
			);
			buildRules = (
			);
			dependencies = (
				2150951C25298F4D0009E87E /* PBXTargetDependency */,
			);
			name = SmartShopperTests;
			productName = SmartShopperTests;
			productReference = 2150951625298F4D0009E87E /* SmartShopperTests.xctest */;
			productType = "com.apple.product-type.bundle.unit-test";
		};
		218688E5251B250C00DC1BA7 /* SmartShopper */ = {
			isa = PBXNativeTarget;
			buildConfigurationList = 218688FA251B250D00DC1BA7 /* Build configuration list for PBXNativeTarget "SmartShopper" */;
			buildPhases = (
				218688E2251B250C00DC1BA7 /* Sources */,
				218688E3251B250C00DC1BA7 /* Frameworks */,
				218688E4251B250C00DC1BA7 /* Resources */,
			);
			buildRules = (
			);
			dependencies = (
			);
			name = SmartShopper;
			productName = SmartShopper;
			productReference = 218688E6251B250C00DC1BA7 /* SmartShopper.app */;
			productType = "com.apple.product-type.application";
		};
/* End PBXNativeTarget section */

/* Begin PBXProject section */
		218688DE251B250C00DC1BA7 /* Project object */ = {
			isa = PBXProject;
			attributes = {
				LastSwiftUpdateCheck = 1200;
				LastUpgradeCheck = 1200;
				TargetAttributes = {
					2150951525298F4D0009E87E = {
						CreatedOnToolsVersion = 12.0.1;
						TestTargetID = 218688E5251B250C00DC1BA7;
					};
					218688E5251B250C00DC1BA7 = {
						CreatedOnToolsVersion = 12.0;
					};
				};
			};
			buildConfigurationList = 218688E1251B250C00DC1BA7 /* Build configuration list for PBXProject "SmartShopper" */;
			compatibilityVersion = "Xcode 9.3";
			developmentRegion = en;
			hasScannedForEncodings = 0;
			knownRegions = (
				en,
				Base,
			);
			mainGroup = 218688DD251B250C00DC1BA7;
			productRefGroup = 218688E7251B250C00DC1BA7 /* Products */;
			projectDirPath = "";
			projectRoot = "";
			targets = (
				218688E5251B250C00DC1BA7 /* SmartShopper */,
				2150951525298F4D0009E87E /* SmartShopperTests */,
			);
		};
/* End PBXProject section */

/* Begin PBXResourcesBuildPhase section */
		2150951425298F4D0009E87E /* Resources */ = {
			isa = PBXResourcesBuildPhase;
			buildActionMask = 2147483647;
			files = (
			);
			runOnlyForDeploymentPostprocessing = 0;
		};
		218688E4251B250C00DC1BA7 /* Resources */ = {
			isa = PBXResourcesBuildPhase;
			buildActionMask = 2147483647;
			files = (
				218688F6251B250D00DC1BA7 /* LaunchScreen.storyboard in Resources */,
				218688F3251B250D00DC1BA7 /* Assets.xcassets in Resources */,
				218688F1251B250C00DC1BA7 /* Main.storyboard in Resources */,
			);
			runOnlyForDeploymentPostprocessing = 0;
		};
/* End PBXResourcesBuildPhase section */

/* Begin PBXSourcesBuildPhase section */
		2150951225298F4D0009E87E /* Sources */ = {
			isa = PBXSourcesBuildPhase;
			buildActionMask = 2147483647;
			files = (
				215095272529929F0009E87E /* Income.swift in Sources */,
				2150951925298F4D0009E87E /* SmartShopperTests.swift in Sources */,
			);
			runOnlyForDeploymentPostprocessing = 0;
		};
		218688E2251B250C00DC1BA7 /* Sources */ = {
			isa = PBXSourcesBuildPhase;
			buildActionMask = 2147483647;
			files = (
				218688EE251B250C00DC1BA7 /* MainViewController.swift in Sources */,
				218688EA251B250C00DC1BA7 /* AppDelegate.swift in Sources */,
				21868900251B28F800DC1BA7 /* CurrencyTextField.swift in Sources */,
				2150952425298F7E0009E87E /* Income.swift in Sources */,
				218688EC251B250C00DC1BA7 /* SceneDelegate.swift in Sources */,
			);
			runOnlyForDeploymentPostprocessing = 0;
		};
/* End PBXSourcesBuildPhase section */

/* Begin PBXTargetDependency section */
		2150951C25298F4D0009E87E /* PBXTargetDependency */ = {
			isa = PBXTargetDependency;
			target = 218688E5251B250C00DC1BA7 /* SmartShopper */;
			targetProxy = 2150951B25298F4D0009E87E /* PBXContainerItemProxy */;
		};
/* End PBXTargetDependency section */

/* Begin PBXVariantGroup section */
		218688EF251B250C00DC1BA7 /* Main.storyboard */ = {
			isa = PBXVariantGroup;
			children = (
				218688F0251B250C00DC1BA7 /* Base */,
			);
			name = Main.storyboard;
			sourceTree = "<group>";
		};
		218688F4251B250D00DC1BA7 /* LaunchScreen.storyboard */ = {
			isa = PBXVariantGroup;
			children = (
				218688F5251B250D00DC1BA7 /* Base */,
			);
			name = LaunchScreen.storyboard;
			sourceTree = "<group>";
		};
/* End PBXVariantGroup section */

/* Begin XCBuildConfiguration section */
		2150951D25298F4D0009E87E /* Debug */ = {
			isa = XCBuildConfiguration;
			buildSettings = {
				BUNDLE_LOADER = "$(TEST_HOST)";
				CODE_SIGN_STYLE = Automatic;
				DEVELOPMENT_TEAM = QLJ84Q3ZSY;
				INFOPLIST_FILE = SmartShopperTests/Info.plist;
				LD_RUNPATH_SEARCH_PATHS = (
					"$(inherited)",
					"@executable_path/Frameworks",
					"@loader_path/Frameworks",
				);
				PRODUCT_BUNDLE_IDENTIFIER = com.aveldanov.SmartShopperTests;
				PRODUCT_NAME = "$(TARGET_NAME)";
				SWIFT_VERSION = 5.0;
				TARGETED_DEVICE_FAMILY = "1,2";
				TEST_HOST = "$(BUILT_PRODUCTS_DIR)/SmartShopper.app/SmartShopper";
			};
			name = Debug;
		};
		2150951E25298F4D0009E87E /* Release */ = {
			isa = XCBuildConfiguration;
			buildSettings = {
				BUNDLE_LOADER = "$(TEST_HOST)";
				CODE_SIGN_STYLE = Automatic;
				DEVELOPMENT_TEAM = QLJ84Q3ZSY;
				INFOPLIST_FILE = SmartShopperTests/Info.plist;
				LD_RUNPATH_SEARCH_PATHS = (
					"$(inherited)",
					"@executable_path/Frameworks",
					"@loader_path/Frameworks",
				);
				PRODUCT_BUNDLE_IDENTIFIER = com.aveldanov.SmartShopperTests;
				PRODUCT_NAME = "$(TARGET_NAME)";
				SWIFT_VERSION = 5.0;
				TARGETED_DEVICE_FAMILY = "1,2";
				TEST_HOST = "$(BUILT_PRODUCTS_DIR)/SmartShopper.app/SmartShopper";
			};
			name = Release;
		};
		218688F8251B250D00DC1BA7 /* Debug */ = {
			isa = XCBuildConfiguration;
			buildSettings = {
				ALWAYS_SEARCH_USER_PATHS = NO;
				CLANG_ANALYZER_NONNULL = YES;
				CLANG_ANALYZER_NUMBER_OBJECT_CONVERSION = YES_AGGRESSIVE;
				CLANG_CXX_LANGUAGE_STANDARD = "gnu++14";
				CLANG_CXX_LIBRARY = "libc++";
				CLANG_ENABLE_MODULES = YES;
				CLANG_ENABLE_OBJC_ARC = YES;
				CLANG_ENABLE_OBJC_WEAK = YES;
				CLANG_WARN_BLOCK_CAPTURE_AUTORELEASING = YES;
				CLANG_WARN_BOOL_CONVERSION = YES;
				CLANG_WARN_COMMA = YES;
				CLANG_WARN_CONSTANT_CONVERSION = YES;
				CLANG_WARN_DEPRECATED_OBJC_IMPLEMENTATIONS = YES;
				CLANG_WARN_DIRECT_OBJC_ISA_USAGE = YES_ERROR;
				CLANG_WARN_DOCUMENTATION_COMMENTS = YES;
				CLANG_WARN_EMPTY_BODY = YES;
				CLANG_WARN_ENUM_CONVERSION = YES;
				CLANG_WARN_INFINITE_RECURSION = YES;
				CLANG_WARN_INT_CONVERSION = YES;
				CLANG_WARN_NON_LITERAL_NULL_CONVERSION = YES;
				CLANG_WARN_OBJC_IMPLICIT_RETAIN_SELF = YES;
				CLANG_WARN_OBJC_LITERAL_CONVERSION = YES;
				CLANG_WARN_OBJC_ROOT_CLASS = YES_ERROR;
				CLANG_WARN_QUOTED_INCLUDE_IN_FRAMEWORK_HEADER = YES;
				CLANG_WARN_RANGE_LOOP_ANALYSIS = YES;
				CLANG_WARN_STRICT_PROTOTYPES = YES;
				CLANG_WARN_SUSPICIOUS_MOVE = YES;
				CLANG_WARN_UNGUARDED_AVAILABILITY = YES_AGGRESSIVE;
				CLANG_WARN_UNREACHABLE_CODE = YES;
				CLANG_WARN__DUPLICATE_METHOD_MATCH = YES;
				COPY_PHASE_STRIP = NO;
				DEBUG_INFORMATION_FORMAT = dwarf;
				ENABLE_STRICT_OBJC_MSGSEND = YES;
				ENABLE_TESTABILITY = YES;
				GCC_C_LANGUAGE_STANDARD = gnu11;
				GCC_DYNAMIC_NO_PIC = NO;
				GCC_NO_COMMON_BLOCKS = YES;
				GCC_OPTIMIZATION_LEVEL = 0;
				GCC_PREPROCESSOR_DEFINITIONS = (
					"DEBUG=1",
					"$(inherited)",
				);
				GCC_WARN_64_TO_32_BIT_CONVERSION = YES;
				GCC_WARN_ABOUT_RETURN_TYPE = YES_ERROR;
				GCC_WARN_UNDECLARED_SELECTOR = YES;
				GCC_WARN_UNINITIALIZED_AUTOS = YES_AGGRESSIVE;
				GCC_WARN_UNUSED_FUNCTION = YES;
				GCC_WARN_UNUSED_VARIABLE = YES;
				IPHONEOS_DEPLOYMENT_TARGET = 14.0;
				MTL_ENABLE_DEBUG_INFO = INCLUDE_SOURCE;
				MTL_FAST_MATH = YES;
				ONLY_ACTIVE_ARCH = YES;
				SDKROOT = iphoneos;
				SWIFT_ACTIVE_COMPILATION_CONDITIONS = DEBUG;
				SWIFT_OPTIMIZATION_LEVEL = "-Onone";
			};
			name = Debug;
		};
		218688F9251B250D00DC1BA7 /* Release */ = {
			isa = XCBuildConfiguration;
			buildSettings = {
				ALWAYS_SEARCH_USER_PATHS = NO;
				CLANG_ANALYZER_NONNULL = YES;
				CLANG_ANALYZER_NUMBER_OBJECT_CONVERSION = YES_AGGRESSIVE;
				CLANG_CXX_LANGUAGE_STANDARD = "gnu++14";
				CLANG_CXX_LIBRARY = "libc++";
				CLANG_ENABLE_MODULES = YES;
				CLANG_ENABLE_OBJC_ARC = YES;
				CLANG_ENABLE_OBJC_WEAK = YES;
				CLANG_WARN_BLOCK_CAPTURE_AUTORELEASING = YES;
				CLANG_WARN_BOOL_CONVERSION = YES;
				CLANG_WARN_COMMA = YES;
				CLANG_WARN_CONSTANT_CONVERSION = YES;
				CLANG_WARN_DEPRECATED_OBJC_IMPLEMENTATIONS = YES;
				CLANG_WARN_DIRECT_OBJC_ISA_USAGE = YES_ERROR;
				CLANG_WARN_DOCUMENTATION_COMMENTS = YES;
				CLANG_WARN_EMPTY_BODY = YES;
				CLANG_WARN_ENUM_CONVERSION = YES;
				CLANG_WARN_INFINITE_RECURSION = YES;
				CLANG_WARN_INT_CONVERSION = YES;
				CLANG_WARN_NON_LITERAL_NULL_CONVERSION = YES;
				CLANG_WARN_OBJC_IMPLICIT_RETAIN_SELF = YES;
				CLANG_WARN_OBJC_LITERAL_CONVERSION = YES;
				CLANG_WARN_OBJC_ROOT_CLASS = YES_ERROR;
				CLANG_WARN_QUOTED_INCLUDE_IN_FRAMEWORK_HEADER = YES;
				CLANG_WARN_RANGE_LOOP_ANALYSIS = YES;
				CLANG_WARN_STRICT_PROTOTYPES = YES;
				CLANG_WARN_SUSPICIOUS_MOVE = YES;
				CLANG_WARN_UNGUARDED_AVAILABILITY = YES_AGGRESSIVE;
				CLANG_WARN_UNREACHABLE_CODE = YES;
				CLANG_WARN__DUPLICATE_METHOD_MATCH = YES;
				COPY_PHASE_STRIP = NO;
				DEBUG_INFORMATION_FORMAT = "dwarf-with-dsym";
				ENABLE_NS_ASSERTIONS = NO;
				ENABLE_STRICT_OBJC_MSGSEND = YES;
				GCC_C_LANGUAGE_STANDARD = gnu11;
				GCC_NO_COMMON_BLOCKS = YES;
				GCC_WARN_64_TO_32_BIT_CONVERSION = YES;
				GCC_WARN_ABOUT_RETURN_TYPE = YES_ERROR;
				GCC_WARN_UNDECLARED_SELECTOR = YES;
				GCC_WARN_UNINITIALIZED_AUTOS = YES_AGGRESSIVE;
				GCC_WARN_UNUSED_FUNCTION = YES;
				GCC_WARN_UNUSED_VARIABLE = YES;
				IPHONEOS_DEPLOYMENT_TARGET = 14.0;
				MTL_ENABLE_DEBUG_INFO = NO;
				MTL_FAST_MATH = YES;
				SDKROOT = iphoneos;
				SWIFT_COMPILATION_MODE = wholemodule;
				SWIFT_OPTIMIZATION_LEVEL = "-O";
				VALIDATE_PRODUCT = YES;
			};
			name = Release;
		};
		218688FB251B250D00DC1BA7 /* Debug */ = {
			isa = XCBuildConfiguration;
			buildSettings = {
				ASSETCATALOG_COMPILER_APPICON_NAME = AppIcon;
				ASSETCATALOG_COMPILER_GLOBAL_ACCENT_COLOR_NAME = AccentColor;
				CODE_SIGN_STYLE = Automatic;
				DEVELOPMENT_TEAM = QLJ84Q3ZSY;
				INFOPLIST_FILE = SmartShopper/Info.plist;
				LD_RUNPATH_SEARCH_PATHS = (
					"$(inherited)",
					"@executable_path/Frameworks",
				);
				PRODUCT_BUNDLE_IDENTIFIER = com.aveldanov.SmartShopper;
				PRODUCT_NAME = "$(TARGET_NAME)";
				SWIFT_VERSION = 5.0;
				TARGETED_DEVICE_FAMILY = "1,2";
			};
			name = Debug;
		};
		218688FC251B250D00DC1BA7 /* Release */ = {
			isa = XCBuildConfiguration;
			buildSettings = {
				ASSETCATALOG_COMPILER_APPICON_NAME = AppIcon;
				ASSETCATALOG_COMPILER_GLOBAL_ACCENT_COLOR_NAME = AccentColor;
				CODE_SIGN_STYLE = Automatic;
				DEVELOPMENT_TEAM = QLJ84Q3ZSY;
				INFOPLIST_FILE = SmartShopper/Info.plist;
				LD_RUNPATH_SEARCH_PATHS = (
					"$(inherited)",
					"@executable_path/Frameworks",
				);
				PRODUCT_BUNDLE_IDENTIFIER = com.aveldanov.SmartShopper;
				PRODUCT_NAME = "$(TARGET_NAME)";
				SWIFT_VERSION = 5.0;
				TARGETED_DEVICE_FAMILY = "1,2";
			};
			name = Release;
		};
/* End XCBuildConfiguration section */

/* Begin XCConfigurationList section */
		2150951F25298F4D0009E87E /* Build configuration list for PBXNativeTarget "SmartShopperTests" */ = {
			isa = XCConfigurationList;
			buildConfigurations = (
				2150951D25298F4D0009E87E /* Debug */,
				2150951E25298F4D0009E87E /* Release */,
			);
			defaultConfigurationIsVisible = 0;
			defaultConfigurationName = Release;
		};
		218688E1251B250C00DC1BA7 /* Build configuration list for PBXProject "SmartShopper" */ = {
			isa = XCConfigurationList;
			buildConfigurations = (
				218688F8251B250D00DC1BA7 /* Debug */,
				218688F9251B250D00DC1BA7 /* Release */,
			);
			defaultConfigurationIsVisible = 0;
			defaultConfigurationName = Release;
		};
		218688FA251B250D00DC1BA7 /* Build configuration list for PBXNativeTarget "SmartShopper" */ = {
			isa = XCConfigurationList;
			buildConfigurations = (
				218688FB251B250D00DC1BA7 /* Debug */,
				218688FC251B250D00DC1BA7 /* Release */,
			);
			defaultConfigurationIsVisible = 0;
			defaultConfigurationName = Release;
		};
/* End XCConfigurationList section */
	};
	rootObject = 218688DE251B250C00DC1BA7 /* Project object */;
}
