// !$*UTF8*$!
{
	archiveVersion = 1;
	classes = {
	};
	objectVersion = 51;
	objects = {

/* Begin PBXBuildFile section */
		2168DE15254B2EF2006EF63A /* CategoryTableViewController.swift in Sources */ = {isa = PBXBuildFile; fileRef = 2168DE14254B2EF2006EF63A /* CategoryTableViewController.swift */; };
		2168DE1E254E1C27006EF63A /* Data.swift in Sources */ = {isa = PBXBuildFile; fileRef = 2168DE1D254E1C27006EF63A /* Data.swift */; };
		217B9C522541564F00BEF527 /* AppDelegate.swift in Sources */ = {isa = PBXBuildFile; fileRef = 217B9C512541564F00BEF527 /* AppDelegate.swift */; };
		217B9C542541564F00BEF527 /* SceneDelegate.swift in Sources */ = {isa = PBXBuildFile; fileRef = 217B9C532541564F00BEF527 /* SceneDelegate.swift */; };
		217B9C592541564F00BEF527 /* Main.storyboard in Resources */ = {isa = PBXBuildFile; fileRef = 217B9C572541564F00BEF527 /* Main.storyboard */; };
		217B9C5C2541564F00BEF527 /* TodoyApp.xcdatamodeld in Sources */ = {isa = PBXBuildFile; fileRef = 217B9C5A2541564F00BEF527 /* TodoyApp.xcdatamodeld */; };
		217B9C5E2541565200BEF527 /* Assets.xcassets in Resources */ = {isa = PBXBuildFile; fileRef = 217B9C5D2541565200BEF527 /* Assets.xcassets */; };
		217B9C612541565200BEF527 /* LaunchScreen.storyboard in Resources */ = {isa = PBXBuildFile; fileRef = 217B9C5F2541565200BEF527 /* LaunchScreen.storyboard */; };
		217B9C6B254156D300BEF527 /* TodoListTableViewController.swift in Sources */ = {isa = PBXBuildFile; fileRef = 217B9C6A254156D300BEF527 /* TodoListTableViewController.swift */; };
		217B9C712541587700BEF527 /* DataModel.xcdatamodeld in Sources */ = {isa = PBXBuildFile; fileRef = 217B9C6F2541587700BEF527 /* DataModel.xcdatamodeld */; };
		308B2B1C8EA42C5FAA66DFBE /* Pods_TodoyApp.framework in Frameworks */ = {isa = PBXBuildFile; fileRef = 551A214355169DD41E782627 /* Pods_TodoyApp.framework */; };
/* End PBXBuildFile section */

/* Begin PBXFileReference section */
		1F6C821C3166371865613976 /* Pods-TodoyApp.debug.xcconfig */ = {isa = PBXFileReference; includeInIndex = 1; lastKnownFileType = text.xcconfig; name = "Pods-TodoyApp.debug.xcconfig"; path = "Target Support Files/Pods-TodoyApp/Pods-TodoyApp.debug.xcconfig"; sourceTree = "<group>"; };
		2168DE14254B2EF2006EF63A /* CategoryTableViewController.swift */ = {isa = PBXFileReference; lastKnownFileType = sourcecode.swift; path = CategoryTableViewController.swift; sourceTree = "<group>"; };
		2168DE1D254E1C27006EF63A /* Data.swift */ = {isa = PBXFileReference; lastKnownFileType = sourcecode.swift; path = Data.swift; sourceTree = "<group>"; };
		217B9C4E2541564F00BEF527 /* TodoyApp.app */ = {isa = PBXFileReference; explicitFileType = wrapper.application; includeInIndex = 0; path = TodoyApp.app; sourceTree = BUILT_PRODUCTS_DIR; };
		217B9C512541564F00BEF527 /* AppDelegate.swift */ = {isa = PBXFileReference; lastKnownFileType = sourcecode.swift; path = AppDelegate.swift; sourceTree = "<group>"; };
		217B9C532541564F00BEF527 /* SceneDelegate.swift */ = {isa = PBXFileReference; lastKnownFileType = sourcecode.swift; path = SceneDelegate.swift; sourceTree = "<group>"; };
		217B9C582541564F00BEF527 /* Base */ = {isa = PBXFileReference; lastKnownFileType = file.storyboard; name = Base; path = Base.lproj/Main.storyboard; sourceTree = "<group>"; };
		217B9C5B2541564F00BEF527 /* TodoyApp.xcdatamodel */ = {isa = PBXFileReference; lastKnownFileType = wrapper.xcdatamodel; path = TodoyApp.xcdatamodel; sourceTree = "<group>"; };
		217B9C5D2541565200BEF527 /* Assets.xcassets */ = {isa = PBXFileReference; lastKnownFileType = folder.assetcatalog; path = Assets.xcassets; sourceTree = "<group>"; };
		217B9C602541565200BEF527 /* Base */ = {isa = PBXFileReference; lastKnownFileType = file.storyboard; name = Base; path = Base.lproj/LaunchScreen.storyboard; sourceTree = "<group>"; };
		217B9C622541565200BEF527 /* Info.plist */ = {isa = PBXFileReference; lastKnownFileType = text.plist.xml; path = Info.plist; sourceTree = "<group>"; };
		217B9C6A254156D300BEF527 /* TodoListTableViewController.swift */ = {isa = PBXFileReference; lastKnownFileType = sourcecode.swift; path = TodoListTableViewController.swift; sourceTree = "<group>"; };
		217B9C702541587700BEF527 /* DataModel.xcdatamodel */ = {isa = PBXFileReference; lastKnownFileType = wrapper.xcdatamodel; path = DataModel.xcdatamodel; sourceTree = "<group>"; };
		551A214355169DD41E782627 /* Pods_TodoyApp.framework */ = {isa = PBXFileReference; explicitFileType = wrapper.framework; includeInIndex = 0; path = Pods_TodoyApp.framework; sourceTree = BUILT_PRODUCTS_DIR; };
		73E3059716DF57960A062A8C /* Pods-TodoyApp.release.xcconfig */ = {isa = PBXFileReference; includeInIndex = 1; lastKnownFileType = text.xcconfig; name = "Pods-TodoyApp.release.xcconfig"; path = "Target Support Files/Pods-TodoyApp/Pods-TodoyApp.release.xcconfig"; sourceTree = "<group>"; };
/* End PBXFileReference section */

/* Begin PBXFrameworksBuildPhase section */
		217B9C4B2541564F00BEF527 /* Frameworks */ = {
			isa = PBXFrameworksBuildPhase;
			buildActionMask = 2147483647;
			files = (
				308B2B1C8EA42C5FAA66DFBE /* Pods_TodoyApp.framework in Frameworks */,
			);
			runOnlyForDeploymentPostprocessing = 0;
		};
/* End PBXFrameworksBuildPhase section */

/* Begin PBXGroup section */
		217B9C452541564F00BEF527 = {
			isa = PBXGroup;
			children = (
				217B9C502541564F00BEF527 /* TodoyApp */,
				217B9C4F2541564F00BEF527 /* Products */,
				2F16006CAB1D87A33B18D8D1 /* Pods */,
				8B6A1CDC44E6BB9F8DC703BE /* Frameworks */,
			);
			sourceTree = "<group>";
		};
		217B9C4F2541564F00BEF527 /* Products */ = {
			isa = PBXGroup;
			children = (
				217B9C4E2541564F00BEF527 /* TodoyApp.app */,
			);
			name = Products;
			sourceTree = "<group>";
		};
		217B9C502541564F00BEF527 /* TodoyApp */ = {
			isa = PBXGroup;
			children = (
				217B9C73254158BE00BEF527 /* Model */,
				217B9C512541564F00BEF527 /* AppDelegate.swift */,
				217B9C532541564F00BEF527 /* SceneDelegate.swift */,
				217B9C75254159A700BEF527 /* View */,
				217B9C5D2541565200BEF527 /* Assets.xcassets */,
				217B9C6D2541583200BEF527 /* Controller */,
				217B9C5F2541565200BEF527 /* LaunchScreen.storyboard */,
				217B9C622541565200BEF527 /* Info.plist */,
				217B9C5A2541564F00BEF527 /* TodoyApp.xcdatamodeld */,
			);
			path = TodoyApp;
			sourceTree = "<group>";
		};
		217B9C6D2541583200BEF527 /* Controller */ = {
			isa = PBXGroup;
			children = (
				2168DE14254B2EF2006EF63A /* CategoryTableViewController.swift */,
				217B9C6A254156D300BEF527 /* TodoListTableViewController.swift */,
			);
			path = Controller;
			sourceTree = "<group>";
		};
		217B9C73254158BE00BEF527 /* Model */ = {
			isa = PBXGroup;
			children = (
				217B9C6F2541587700BEF527 /* DataModel.xcdatamodeld */,
				2168DE1D254E1C27006EF63A /* Data.swift */,
			);
			path = Model;
			sourceTree = "<group>";
		};
		217B9C75254159A700BEF527 /* View */ = {
			isa = PBXGroup;
			children = (
				217B9C572541564F00BEF527 /* Main.storyboard */,
			);
			path = View;
			sourceTree = "<group>";
		};
		2F16006CAB1D87A33B18D8D1 /* Pods */ = {
			isa = PBXGroup;
			children = (
				1F6C821C3166371865613976 /* Pods-TodoyApp.debug.xcconfig */,
				73E3059716DF57960A062A8C /* Pods-TodoyApp.release.xcconfig */,
			);
			path = Pods;
			sourceTree = "<group>";
		};
		8B6A1CDC44E6BB9F8DC703BE /* Frameworks */ = {
			isa = PBXGroup;
			children = (
				551A214355169DD41E782627 /* Pods_TodoyApp.framework */,
			);
			name = Frameworks;
			sourceTree = "<group>";
		};
/* End PBXGroup section */

/* Begin PBXNativeTarget section */
		217B9C4D2541564F00BEF527 /* TodoyApp */ = {
			isa = PBXNativeTarget;
			buildConfigurationList = 217B9C652541565200BEF527 /* Build configuration list for PBXNativeTarget "TodoyApp" */;
			buildPhases = (
				9DE9CCC24E22A46C3E1CAE43 /* [CP] Check Pods Manifest.lock */,
				217B9C4A2541564F00BEF527 /* Sources */,
				217B9C4B2541564F00BEF527 /* Frameworks */,
				217B9C4C2541564F00BEF527 /* Resources */,
				03A9F5F3325E4D6907D1CD46 /* [CP] Embed Pods Frameworks */,
			);
			buildRules = (
			);
			dependencies = (
			);
			name = TodoyApp;
			productName = TodoyApp;
			productReference = 217B9C4E2541564F00BEF527 /* TodoyApp.app */;
			productType = "com.apple.product-type.application";
		};
/* End PBXNativeTarget section */

/* Begin PBXProject section */
		217B9C462541564F00BEF527 /* Project object */ = {
			isa = PBXProject;
			attributes = {
				LastSwiftUpdateCheck = 1210;
				LastUpgradeCheck = 1210;
				TargetAttributes = {
					217B9C4D2541564F00BEF527 = {
						CreatedOnToolsVersion = 12.1;
					};
				};
			};
			buildConfigurationList = 217B9C492541564F00BEF527 /* Build configuration list for PBXProject "TodoyApp" */;
			compatibilityVersion = "Xcode 9.3";
			developmentRegion = en;
			hasScannedForEncodings = 0;
			knownRegions = (
				en,
				Base,
			);
			mainGroup = 217B9C452541564F00BEF527;
			productRefGroup = 217B9C4F2541564F00BEF527 /* Products */;
			projectDirPath = "";
			projectRoot = "";
			targets = (
				217B9C4D2541564F00BEF527 /* TodoyApp */,
			);
		};
/* End PBXProject section */

/* Begin PBXResourcesBuildPhase section */
		217B9C4C2541564F00BEF527 /* Resources */ = {
			isa = PBXResourcesBuildPhase;
			buildActionMask = 2147483647;
			files = (
				217B9C612541565200BEF527 /* LaunchScreen.storyboard in Resources */,
				217B9C5E2541565200BEF527 /* Assets.xcassets in Resources */,
				217B9C592541564F00BEF527 /* Main.storyboard in Resources */,
			);
			runOnlyForDeploymentPostprocessing = 0;
		};
/* End PBXResourcesBuildPhase section */

/* Begin PBXShellScriptBuildPhase section */
		03A9F5F3325E4D6907D1CD46 /* [CP] Embed Pods Frameworks */ = {
			isa = PBXShellScriptBuildPhase;
			buildActionMask = 2147483647;
			files = (
			);
			inputFileListPaths = (
				"${PODS_ROOT}/Target Support Files/Pods-TodoyApp/Pods-TodoyApp-frameworks-${CONFIGURATION}-input-files.xcfilelist",
			);
			name = "[CP] Embed Pods Frameworks";
			outputFileListPaths = (
				"${PODS_ROOT}/Target Support Files/Pods-TodoyApp/Pods-TodoyApp-frameworks-${CONFIGURATION}-output-files.xcfilelist",
			);
			runOnlyForDeploymentPostprocessing = 0;
			shellPath = /bin/sh;
			shellScript = "\"${PODS_ROOT}/Target Support Files/Pods-TodoyApp/Pods-TodoyApp-frameworks.sh\"\n";
			showEnvVarsInLog = 0;
		};
		9DE9CCC24E22A46C3E1CAE43 /* [CP] Check Pods Manifest.lock */ = {
			isa = PBXShellScriptBuildPhase;
			buildActionMask = 2147483647;
			files = (
			);
			inputFileListPaths = (
			);
			inputPaths = (
				"${PODS_PODFILE_DIR_PATH}/Podfile.lock",
				"${PODS_ROOT}/Manifest.lock",
			);
			name = "[CP] Check Pods Manifest.lock";
			outputFileListPaths = (
			);
			outputPaths = (
				"$(DERIVED_FILE_DIR)/Pods-TodoyApp-checkManifestLockResult.txt",
			);
			runOnlyForDeploymentPostprocessing = 0;
			shellPath = /bin/sh;
			shellScript = "diff \"${PODS_PODFILE_DIR_PATH}/Podfile.lock\" \"${PODS_ROOT}/Manifest.lock\" > /dev/null\nif [ $? != 0 ] ; then\n    # print error to STDERR\n    echo \"error: The sandbox is not in sync with the Podfile.lock. Run 'pod install' or update your CocoaPods installation.\" >&2\n    exit 1\nfi\n# This output is used by Xcode 'outputs' to avoid re-running this script phase.\necho \"SUCCESS\" > \"${SCRIPT_OUTPUT_FILE_0}\"\n";
			showEnvVarsInLog = 0;
		};
/* End PBXShellScriptBuildPhase section */

/* Begin PBXSourcesBuildPhase section */
		217B9C4A2541564F00BEF527 /* Sources */ = {
			isa = PBXSourcesBuildPhase;
			buildActionMask = 2147483647;
			files = (
				2168DE1E254E1C27006EF63A /* Data.swift in Sources */,
				217B9C5C2541564F00BEF527 /* TodoyApp.xcdatamodeld in Sources */,
				217B9C712541587700BEF527 /* DataModel.xcdatamodeld in Sources */,
				217B9C522541564F00BEF527 /* AppDelegate.swift in Sources */,
				217B9C542541564F00BEF527 /* SceneDelegate.swift in Sources */,
				217B9C6B254156D300BEF527 /* TodoListTableViewController.swift in Sources */,
				2168DE15254B2EF2006EF63A /* CategoryTableViewController.swift in Sources */,
			);
			runOnlyForDeploymentPostprocessing = 0;
		};
/* End PBXSourcesBuildPhase section */

/* Begin PBXVariantGroup section */
		217B9C572541564F00BEF527 /* Main.storyboard */ = {
			isa = PBXVariantGroup;
			children = (
				217B9C582541564F00BEF527 /* Base */,
			);
			name = Main.storyboard;
			sourceTree = "<group>";
		};
		217B9C5F2541565200BEF527 /* LaunchScreen.storyboard */ = {
			isa = PBXVariantGroup;
			children = (
				217B9C602541565200BEF527 /* Base */,
			);
			name = LaunchScreen.storyboard;
			sourceTree = "<group>";
		};
/* End PBXVariantGroup section */

/* Begin XCBuildConfiguration section */
		217B9C632541565200BEF527 /* Debug */ = {
			isa = XCBuildConfiguration;
			buildSettings = {
				ALWAYS_SEARCH_USER_PATHS = NO;
				CLANG_ANALYZER_NONNULL = YES;
				CLANG_ANALYZER_NUMBER_OBJECT_CONVERSION = YES_AGGRESSIVE;
				CLANG_CXX_LANGUAGE_STANDARD = "gnu++14";
				CLANG_CXX_LIBRARY = "libc++";
				CLANG_ENABLE_MODULES = YES;
				CLANG_ENABLE_OBJC_ARC = YES;
				CLANG_ENABLE_OBJC_WEAK = YES;
				CLANG_WARN_BLOCK_CAPTURE_AUTORELEASING = YES;
				CLANG_WARN_BOOL_CONVERSION = YES;
				CLANG_WARN_COMMA = YES;
				CLANG_WARN_CONSTANT_CONVERSION = YES;
				CLANG_WARN_DEPRECATED_OBJC_IMPLEMENTATIONS = YES;
				CLANG_WARN_DIRECT_OBJC_ISA_USAGE = YES_ERROR;
				CLANG_WARN_DOCUMENTATION_COMMENTS = YES;
				CLANG_WARN_EMPTY_BODY = YES;
				CLANG_WARN_ENUM_CONVERSION = YES;
				CLANG_WARN_INFINITE_RECURSION = YES;
				CLANG_WARN_INT_CONVERSION = YES;
				CLANG_WARN_NON_LITERAL_NULL_CONVERSION = YES;
				CLANG_WARN_OBJC_IMPLICIT_RETAIN_SELF = YES;
				CLANG_WARN_OBJC_LITERAL_CONVERSION = YES;
				CLANG_WARN_OBJC_ROOT_CLASS = YES_ERROR;
				CLANG_WARN_QUOTED_INCLUDE_IN_FRAMEWORK_HEADER = YES;
				CLANG_WARN_RANGE_LOOP_ANALYSIS = YES;
				CLANG_WARN_STRICT_PROTOTYPES = YES;
				CLANG_WARN_SUSPICIOUS_MOVE = YES;
				CLANG_WARN_UNGUARDED_AVAILABILITY = YES_AGGRESSIVE;
				CLANG_WARN_UNREACHABLE_CODE = YES;
				CLANG_WARN__DUPLICATE_METHOD_MATCH = YES;
				COPY_PHASE_STRIP = NO;
				DEBUG_INFORMATION_FORMAT = dwarf;
				ENABLE_STRICT_OBJC_MSGSEND = YES;
				ENABLE_TESTABILITY = YES;
				GCC_C_LANGUAGE_STANDARD = gnu11;
				GCC_DYNAMIC_NO_PIC = NO;
				GCC_NO_COMMON_BLOCKS = YES;
				GCC_OPTIMIZATION_LEVEL = 0;
				GCC_PREPROCESSOR_DEFINITIONS = (
					"DEBUG=1",
					"$(inherited)",
				);
				GCC_WARN_64_TO_32_BIT_CONVERSION = YES;
				GCC_WARN_ABOUT_RETURN_TYPE = YES_ERROR;
				GCC_WARN_UNDECLARED_SELECTOR = YES;
				GCC_WARN_UNINITIALIZED_AUTOS = YES_AGGRESSIVE;
				GCC_WARN_UNUSED_FUNCTION = YES;
				GCC_WARN_UNUSED_VARIABLE = YES;
				IPHONEOS_DEPLOYMENT_TARGET = 14.1;
				MTL_ENABLE_DEBUG_INFO = INCLUDE_SOURCE;
				MTL_FAST_MATH = YES;
				ONLY_ACTIVE_ARCH = YES;
				SDKROOT = iphoneos;
				SWIFT_ACTIVE_COMPILATION_CONDITIONS = DEBUG;
				SWIFT_OPTIMIZATION_LEVEL = "-Onone";
			};
			name = Debug;
		};
		217B9C642541565200BEF527 /* Release */ = {
			isa = XCBuildConfiguration;
			buildSettings = {
				ALWAYS_SEARCH_USER_PATHS = NO;
				CLANG_ANALYZER_NONNULL = YES;
				CLANG_ANALYZER_NUMBER_OBJECT_CONVERSION = YES_AGGRESSIVE;
				CLANG_CXX_LANGUAGE_STANDARD = "gnu++14";
				CLANG_CXX_LIBRARY = "libc++";
				CLANG_ENABLE_MODULES = YES;
				CLANG_ENABLE_OBJC_ARC = YES;
				CLANG_ENABLE_OBJC_WEAK = YES;
				CLANG_WARN_BLOCK_CAPTURE_AUTORELEASING = YES;
				CLANG_WARN_BOOL_CONVERSION = YES;
				CLANG_WARN_COMMA = YES;
				CLANG_WARN_CONSTANT_CONVERSION = YES;
				CLANG_WARN_DEPRECATED_OBJC_IMPLEMENTATIONS = YES;
				CLANG_WARN_DIRECT_OBJC_ISA_USAGE = YES_ERROR;
				CLANG_WARN_DOCUMENTATION_COMMENTS = YES;
				CLANG_WARN_EMPTY_BODY = YES;
				CLANG_WARN_ENUM_CONVERSION = YES;
				CLANG_WARN_INFINITE_RECURSION = YES;
				CLANG_WARN_INT_CONVERSION = YES;
				CLANG_WARN_NON_LITERAL_NULL_CONVERSION = YES;
				CLANG_WARN_OBJC_IMPLICIT_RETAIN_SELF = YES;
				CLANG_WARN_OBJC_LITERAL_CONVERSION = YES;
				CLANG_WARN_OBJC_ROOT_CLASS = YES_ERROR;
				CLANG_WARN_QUOTED_INCLUDE_IN_FRAMEWORK_HEADER = YES;
				CLANG_WARN_RANGE_LOOP_ANALYSIS = YES;
				CLANG_WARN_STRICT_PROTOTYPES = YES;
				CLANG_WARN_SUSPICIOUS_MOVE = YES;
				CLANG_WARN_UNGUARDED_AVAILABILITY = YES_AGGRESSIVE;
				CLANG_WARN_UNREACHABLE_CODE = YES;
				CLANG_WARN__DUPLICATE_METHOD_MATCH = YES;
				COPY_PHASE_STRIP = NO;
				DEBUG_INFORMATION_FORMAT = "dwarf-with-dsym";
				ENABLE_NS_ASSERTIONS = NO;
				ENABLE_STRICT_OBJC_MSGSEND = YES;
				GCC_C_LANGUAGE_STANDARD = gnu11;
				GCC_NO_COMMON_BLOCKS = YES;
				GCC_WARN_64_TO_32_BIT_CONVERSION = YES;
				GCC_WARN_ABOUT_RETURN_TYPE = YES_ERROR;
				GCC_WARN_UNDECLARED_SELECTOR = YES;
				GCC_WARN_UNINITIALIZED_AUTOS = YES_AGGRESSIVE;
				GCC_WARN_UNUSED_FUNCTION = YES;
				GCC_WARN_UNUSED_VARIABLE = YES;
				IPHONEOS_DEPLOYMENT_TARGET = 14.1;
				MTL_ENABLE_DEBUG_INFO = NO;
				MTL_FAST_MATH = YES;
				SDKROOT = iphoneos;
				SWIFT_COMPILATION_MODE = wholemodule;
				SWIFT_OPTIMIZATION_LEVEL = "-O";
				VALIDATE_PRODUCT = YES;
			};
			name = Release;
		};
		217B9C662541565200BEF527 /* Debug */ = {
			isa = XCBuildConfiguration;
			baseConfigurationReference = 1F6C821C3166371865613976 /* Pods-TodoyApp.debug.xcconfig */;
			buildSettings = {
				ASSETCATALOG_COMPILER_APPICON_NAME = AppIcon;
				ASSETCATALOG_COMPILER_GLOBAL_ACCENT_COLOR_NAME = AccentColor;
				CODE_SIGN_STYLE = Automatic;
				DEVELOPMENT_TEAM = QLJ84Q3ZSY;
				INFOPLIST_FILE = TodoyApp/Info.plist;
				LD_RUNPATH_SEARCH_PATHS = (
					"$(inherited)",
					"@executable_path/Frameworks",
				);
				PRODUCT_BUNDLE_IDENTIFIER = com.aveldanov.TodoyApp;
				PRODUCT_NAME = "$(TARGET_NAME)";
				SWIFT_VERSION = 5.0;
				TARGETED_DEVICE_FAMILY = "1,2";
			};
			name = Debug;
		};
		217B9C672541565200BEF527 /* Release */ = {
			isa = XCBuildConfiguration;
			baseConfigurationReference = 73E3059716DF57960A062A8C /* Pods-TodoyApp.release.xcconfig */;
			buildSettings = {
				ASSETCATALOG_COMPILER_APPICON_NAME = AppIcon;
				ASSETCATALOG_COMPILER_GLOBAL_ACCENT_COLOR_NAME = AccentColor;
				CODE_SIGN_STYLE = Automatic;
				DEVELOPMENT_TEAM = QLJ84Q3ZSY;
				INFOPLIST_FILE = TodoyApp/Info.plist;
				LD_RUNPATH_SEARCH_PATHS = (
					"$(inherited)",
					"@executable_path/Frameworks",
				);
				PRODUCT_BUNDLE_IDENTIFIER = com.aveldanov.TodoyApp;
				PRODUCT_NAME = "$(TARGET_NAME)";
				SWIFT_VERSION = 5.0;
				TARGETED_DEVICE_FAMILY = "1,2";
			};
			name = Release;
		};
/* End XCBuildConfiguration section */

/* Begin XCConfigurationList section */
		217B9C492541564F00BEF527 /* Build configuration list for PBXProject "TodoyApp" */ = {
			isa = XCConfigurationList;
			buildConfigurations = (
				217B9C632541565200BEF527 /* Debug */,
				217B9C642541565200BEF527 /* Release */,
			);
			defaultConfigurationIsVisible = 0;
			defaultConfigurationName = Release;
		};
		217B9C652541565200BEF527 /* Build configuration list for PBXNativeTarget "TodoyApp" */ = {
			isa = XCConfigurationList;
			buildConfigurations = (
				217B9C662541565200BEF527 /* Debug */,
				217B9C672541565200BEF527 /* Release */,
			);
			defaultConfigurationIsVisible = 0;
			defaultConfigurationName = Release;
		};
/* End XCConfigurationList section */

/* Begin XCVersionGroup section */
		217B9C5A2541564F00BEF527 /* TodoyApp.xcdatamodeld */ = {
			isa = XCVersionGroup;
			children = (
				217B9C5B2541564F00BEF527 /* TodoyApp.xcdatamodel */,
			);
			currentVersion = 217B9C5B2541564F00BEF527 /* TodoyApp.xcdatamodel */;
			path = TodoyApp.xcdatamodeld;
			sourceTree = "<group>";
			versionGroupType = wrapper.xcdatamodel;
		};
		217B9C6F2541587700BEF527 /* DataModel.xcdatamodeld */ = {
			isa = XCVersionGroup;
			children = (
				217B9C702541587700BEF527 /* DataModel.xcdatamodel */,
			);
			currentVersion = 217B9C702541587700BEF527 /* DataModel.xcdatamodel */;
			path = DataModel.xcdatamodeld;
			sourceTree = "<group>";
			versionGroupType = wrapper.xcdatamodel;
		};
/* End XCVersionGroup section */
	};
	rootObject = 217B9C462541564F00BEF527 /* Project object */;
}
